
Microsoft Visual Studio Solution File, Format Version 12.00
# Visual Studio 15
VisualStudioVersion = 15.0.27703.2035
MinimumVisualStudioVersion = 10.0.40219.1
Project("{FAE04EC0-301F-11D3-BF4B-00C04F79EFBC}") = "WeGotSkills.KillStation", "Launchers\WeGotSkills.KillStation\WeGotSkills.KillStation.csproj", "{C6B60070-49A9-4DDD-8E6A-1CE9456F23DD}"
EndProject
Project("{2150E333-8FDC-42A3-9474-1A3956D46DE8}") = "Launchers", "Launchers", "{FE1445B6-1433-48F2-AC06-8C944339F31E}"
EndProject
Project("{2150E333-8FDC-42A3-9474-1A3956D46DE8}") = "Bots", "Bots", "{B197F06D-0BAD-4420-92B0-0F16EF91FC00}"
EndProject
Project("{FAE04EC0-301F-11D3-BF4B-00C04F79EFBC}") = "WeGotSkills.Cleaner", "WeGotSkills.Cleaner\WeGotSkills.Cleaner.csproj", "{C1D3B5CA-B0D4-4C90-91E9-FC4F0868FC8C}"
EndProject
Project("{FAE04EC0-301F-11D3-BF4B-00C04F79EFBC}") = "WeGotSkills.Discord", "Bots\WePlayLegit.Discord\WeGotSkills.Discord.csproj", "{E9A4A651-6D60-4B4F-979B-42AB0941452B}"
EndProject
Project("{FAE04EC0-301F-11D3-BF4B-00C04F79EFBC}") = "SlateHub.Discord", "Bots\SlateHub.Discord\SlateHub.Discord.csproj", "{EE285C41-A6E1-4354-A9D8-71C15447499B}"
EndProject
Project("{FAE04EC0-301F-11D3-BF4B-00C04F79EFBC}") = "WeGotSkills.Updater", "Libraries\WeGotSkills.Updater\WeGotSkills.Updater.csproj", "{6AAD37DC-C298-43E8-A744-56D031AD8456}"
EndProject
Project("{2150E333-8FDC-42A3-9474-1A3956D46DE8}") = "Scripts", "Scripts", "{7983DB0E-BC56-4AEC-B35B-C1F193001D40}"
EndProject
Project("{2150E333-8FDC-42A3-9474-1A3956D46DE8}") = "Libraries", "Libraries", "{F1AD4A0B-6F71-4967-A505-DFE1AD095A91}"
EndProject
Project("{2150E333-8FDC-42A3-9474-1A3956D46DE8}") = "Drivers", "Drivers", "{49D03876-DFD4-4053-A819-547979830644}"
EndProject
Project("{FAE04EC0-301F-11D3-BF4B-00C04F79EFBC}") = "WeGotSkills.Driver", "Libraries\WeGotSkills.Driver\WeGotSkills.Driver.csproj", "{C318B607-9242-4987-8AD9-5160ED58F949}"
	ProjectSection(ProjectDependencies) = postProject
		{0F77F755-F731-40B1-BF69-4AB65A6EBA40} = {0F77F755-F731-40B1-BF69-4AB65A6EBA40}
	EndProjectSection
EndProject
Project("{8BC9CEB8-8B4A-11D0-8D11-00A0C91BC942}") = "WeGotSkills.Kernel", "Drivers\WeGotSkills.Kernel\WeGotSkills.Kernel.vcxproj", "{0F77F755-F731-40B1-BF69-4AB65A6EBA40}"
EndProject
Project("{2150E333-8FDC-42A3-9474-1A3956D46DE8}") = "Hacks", "Hacks", "{E7D08B3C-1E05-4DB6-AFA8-FC68022566E2}"
	ProjectSection(SolutionItems) = preProject
		Hacks\WeGotSkills.Fortnite\Esp.cs = Hacks\WeGotSkills.Fortnite\Esp.cs
	EndProjectSection
EndProject
Project("{FAE04EC0-301F-11D3-BF4B-00C04F79EFBC}") = "WeGotSkills.PUBG", "Hacks\WeGotSkills.PUBG\WeGotSkills.PUBG.csproj", "{7939C78D-B4CC-4817-B9C5-2B5D599E0892}"
	ProjectSection(ProjectDependencies) = postProject
		{13E38746-2CE2-4DA2-8324-EE27257A0B60} = {13E38746-2CE2-4DA2-8324-EE27257A0B60}
		{BDD58547-62FC-4951-B8A8-17A4A23ABDEE} = {BDD58547-62FC-4951-B8A8-17A4A23ABDEE}
		{0F77F755-F731-40B1-BF69-4AB65A6EBA40} = {0F77F755-F731-40B1-BF69-4AB65A6EBA40}
	EndProjectSection
EndProject
Project("{FAE04EC0-301F-11D3-BF4B-00C04F79EFBC}") = "WeGotSkills.UnrealEngine", "Libraries\WeGotSkills.UnrealEngine\WeGotSkills.UnrealEngine.csproj", "{0310C90B-18EA-4F5B-AD56-3D97FAF14C14}"
EndProject
Project("{8BC9CEB8-8B4A-11D0-8D11-00A0C91BC942}") = "WeGotSkills.Crypto", "Libraries\WeGotSkills.Crypto\WeGotSkills.Crypto.vcxproj", "{BDD58547-62FC-4951-B8A8-17A4A23ABDEE}"
EndProject
Project("{8BC9CEB8-8B4A-11D0-8D11-00A0C91BC942}") = "WeGotSkills.Internal", "Hacks\Internals\WeGotSkills.Internal\WeGotSkills.Internal.vcxproj", "{13E38746-2CE2-4DA2-8324-EE27257A0B60}"
EndProject
Project("{2150E333-8FDC-42A3-9474-1A3956D46DE8}") = "Internals", "Internals", "{672525B0-AC8E-431B-88AD-CB6810C7A771}"
EndProject
Project("{2150E333-8FDC-42A3-9474-1A3956D46DE8}") = "SCUM", "SCUM", "{B53BBE6A-929E-49D6-ABE8-845E9A4E77CE}"
EndProject
Project("{FAE04EC0-301F-11D3-BF4B-00C04F79EFBC}") = "WeGotSkills.SCUM", "Hacks\WeGotSkills.SCUM\WeGotSkills.SCUM.csproj", "{3211AA40-3ABE-4FE3-B5D8-DCE4E9A1E122}"
EndProject
Project("{8BC9CEB8-8B4A-11D0-8D11-00A0C91BC942}") = "WeGotSkills.SCUM.Internal", "Hacks\Internals\WeGotSkills.SCUM.Internal\WeGotSkills.SCUM.Internal.vcxproj", "{841F4BC1-ADB2-4E0A-88E5-1EFC4F5B2B3D}"
EndProject
Project("{FAE04EC0-301F-11D3-BF4B-00C04F79EFBC}") = "Rust", "Hacks\WeGotSkills.Fortnite\Rust.csproj", "{BAE05887-3FE6-4570-BCFD-5E122ACFF4B7}"
	ProjectSection(ProjectDependencies) = postProject
		{0F77F755-F731-40B1-BF69-4AB65A6EBA40} = {0F77F755-F731-40B1-BF69-4AB65A6EBA40}
	EndProjectSection
EndProject
Project("{2150E333-8FDC-42A3-9474-1A3956D46DE8}") = "Rust", "Rust", "{F74AE196-A97B-4BDA-8A0F-C9637FE48232}"
EndProject
Project("{8BC9CEB8-8B4A-11D0-8D11-00A0C91BC942}") = "WeGotSkills.InternalInject", "WeGotSkills.InternalInject\WeGotSkills.InternalInject.vcxproj", "{B5C40958-41BF-4676-AD8D-FEAA5C9D40D8}"
EndProject
Project("{8BC9CEB8-8B4A-11D0-8D11-00A0C91BC942}") = "KMDF Driver1", "KMDF Driver1\KMDF Driver1.vcxproj", "{5BF0F38B-50B5-4C20-82FF-FA0392C3905A}"
EndProject
Project("{8BC9CEB8-8B4A-11D0-8D11-00A0C91BC942}") = "DllMessageBox", "DllMessageBox\DllMessageBox.vcxproj", "{32CF04BD-8388-4B06-A8A2-3EE165AE0EFF}"
EndProject
Global
	GlobalSection(SolutionConfigurationPlatforms) = preSolution
		Debug|Any CPU = Debug|Any CPU
		Debug|ARM = Debug|ARM
		Debug|ARM64 = Debug|ARM64
		Debug|x64 = Debug|x64
		Debug|x86 = Debug|x86
		Release|Any CPU = Release|Any CPU
		Release|ARM = Release|ARM
		Release|ARM64 = Release|ARM64
		Release|x64 = Release|x64
		Release|x86 = Release|x86
	EndGlobalSection
	GlobalSection(ProjectConfigurationPlatforms) = postSolution
		{C6B60070-49A9-4DDD-8E6A-1CE9456F23DD}.Debug|Any CPU.ActiveCfg = Debug|Any CPU
		{C6B60070-49A9-4DDD-8E6A-1CE9456F23DD}.Debug|Any CPU.Build.0 = Debug|Any CPU
		{C6B60070-49A9-4DDD-8E6A-1CE9456F23DD}.Debug|ARM.ActiveCfg = Debug|Any CPU
		{C6B60070-49A9-4DDD-8E6A-1CE9456F23DD}.Debug|ARM.Build.0 = Debug|Any CPU
		{C6B60070-49A9-4DDD-8E6A-1CE9456F23DD}.Debug|ARM64.ActiveCfg = Debug|Any CPU
		{C6B60070-49A9-4DDD-8E6A-1CE9456F23DD}.Debug|ARM64.Build.0 = Debug|Any CPU
		{C6B60070-49A9-4DDD-8E6A-1CE9456F23DD}.Debug|x64.ActiveCfg = Debug|Any CPU
		{C6B60070-49A9-4DDD-8E6A-1CE9456F23DD}.Debug|x64.Build.0 = Debug|Any CPU
		{C6B60070-49A9-4DDD-8E6A-1CE9456F23DD}.Debug|x86.ActiveCfg = Debug|Any CPU
		{C6B60070-49A9-4DDD-8E6A-1CE9456F23DD}.Debug|x86.Build.0 = Debug|Any CPU
		{C6B60070-49A9-4DDD-8E6A-1CE9456F23DD}.Release|Any CPU.ActiveCfg = Release|Any CPU
		{C6B60070-49A9-4DDD-8E6A-1CE9456F23DD}.Release|Any CPU.Build.0 = Release|Any CPU
		{C6B60070-49A9-4DDD-8E6A-1CE9456F23DD}.Release|ARM.ActiveCfg = Release|Any CPU
		{C6B60070-49A9-4DDD-8E6A-1CE9456F23DD}.Release|ARM.Build.0 = Release|Any CPU
		{C6B60070-49A9-4DDD-8E6A-1CE9456F23DD}.Release|ARM64.ActiveCfg = Release|Any CPU
		{C6B60070-49A9-4DDD-8E6A-1CE9456F23DD}.Release|ARM64.Build.0 = Release|Any CPU
		{C6B60070-49A9-4DDD-8E6A-1CE9456F23DD}.Release|x64.ActiveCfg = Release|Any CPU
		{C6B60070-49A9-4DDD-8E6A-1CE9456F23DD}.Release|x64.Build.0 = Release|Any CPU
		{C6B60070-49A9-4DDD-8E6A-1CE9456F23DD}.Release|x86.ActiveCfg = Release|Any CPU
		{C6B60070-49A9-4DDD-8E6A-1CE9456F23DD}.Release|x86.Build.0 = Release|Any CPU
		{C1D3B5CA-B0D4-4C90-91E9-FC4F0868FC8C}.Debug|Any CPU.ActiveCfg = Debug|Any CPU
		{C1D3B5CA-B0D4-4C90-91E9-FC4F0868FC8C}.Debug|Any CPU.Build.0 = Debug|Any CPU
		{C1D3B5CA-B0D4-4C90-91E9-FC4F0868FC8C}.Debug|ARM.ActiveCfg = Debug|Any CPU
		{C1D3B5CA-B0D4-4C90-91E9-FC4F0868FC8C}.Debug|ARM.Build.0 = Debug|Any CPU
		{C1D3B5CA-B0D4-4C90-91E9-FC4F0868FC8C}.Debug|ARM64.ActiveCfg = Debug|Any CPU
		{C1D3B5CA-B0D4-4C90-91E9-FC4F0868FC8C}.Debug|ARM64.Build.0 = Debug|Any CPU
		{C1D3B5CA-B0D4-4C90-91E9-FC4F0868FC8C}.Debug|x64.ActiveCfg = Debug|Any CPU
		{C1D3B5CA-B0D4-4C90-91E9-FC4F0868FC8C}.Debug|x64.Build.0 = Debug|Any CPU
		{C1D3B5CA-B0D4-4C90-91E9-FC4F0868FC8C}.Debug|x86.ActiveCfg = Debug|Any CPU
		{C1D3B5CA-B0D4-4C90-91E9-FC4F0868FC8C}.Debug|x86.Build.0 = Debug|Any CPU
		{C1D3B5CA-B0D4-4C90-91E9-FC4F0868FC8C}.Release|Any CPU.ActiveCfg = Release|Any CPU
		{C1D3B5CA-B0D4-4C90-91E9-FC4F0868FC8C}.Release|Any CPU.Build.0 = Release|Any CPU
		{C1D3B5CA-B0D4-4C90-91E9-FC4F0868FC8C}.Release|ARM.ActiveCfg = Release|Any CPU
		{C1D3B5CA-B0D4-4C90-91E9-FC4F0868FC8C}.Release|ARM.Build.0 = Release|Any CPU
		{C1D3B5CA-B0D4-4C90-91E9-FC4F0868FC8C}.Release|ARM64.ActiveCfg = Release|Any CPU
		{C1D3B5CA-B0D4-4C90-91E9-FC4F0868FC8C}.Release|ARM64.Build.0 = Release|Any CPU
		{C1D3B5CA-B0D4-4C90-91E9-FC4F0868FC8C}.Release|x64.ActiveCfg = Release|Any CPU
		{C1D3B5CA-B0D4-4C90-91E9-FC4F0868FC8C}.Release|x64.Build.0 = Release|Any CPU
		{C1D3B5CA-B0D4-4C90-91E9-FC4F0868FC8C}.Release|x86.ActiveCfg = Release|Any CPU
		{C1D3B5CA-B0D4-4C90-91E9-FC4F0868FC8C}.Release|x86.Build.0 = Release|Any CPU
		{E9A4A651-6D60-4B4F-979B-42AB0941452B}.Debug|Any CPU.ActiveCfg = Debug|Any CPU
		{E9A4A651-6D60-4B4F-979B-42AB0941452B}.Debug|Any CPU.Build.0 = Debug|Any CPU
		{E9A4A651-6D60-4B4F-979B-42AB0941452B}.Debug|ARM.ActiveCfg = Debug|Any CPU
		{E9A4A651-6D60-4B4F-979B-42AB0941452B}.Debug|ARM.Build.0 = Debug|Any CPU
		{E9A4A651-6D60-4B4F-979B-42AB0941452B}.Debug|ARM64.ActiveCfg = Debug|Any CPU
		{E9A4A651-6D60-4B4F-979B-42AB0941452B}.Debug|ARM64.Build.0 = Debug|Any CPU
		{E9A4A651-6D60-4B4F-979B-42AB0941452B}.Debug|x64.ActiveCfg = Debug|Any CPU
		{E9A4A651-6D60-4B4F-979B-42AB0941452B}.Debug|x64.Build.0 = Debug|Any CPU
		{E9A4A651-6D60-4B4F-979B-42AB0941452B}.Debug|x86.ActiveCfg = Debug|Any CPU
		{E9A4A651-6D60-4B4F-979B-42AB0941452B}.Debug|x86.Build.0 = Debug|Any CPU
		{E9A4A651-6D60-4B4F-979B-42AB0941452B}.Release|Any CPU.ActiveCfg = Release|Any CPU
		{E9A4A651-6D60-4B4F-979B-42AB0941452B}.Release|Any CPU.Build.0 = Release|Any CPU
		{E9A4A651-6D60-4B4F-979B-42AB0941452B}.Release|ARM.ActiveCfg = Release|Any CPU
		{E9A4A651-6D60-4B4F-979B-42AB0941452B}.Release|ARM.Build.0 = Release|Any CPU
		{E9A4A651-6D60-4B4F-979B-42AB0941452B}.Release|ARM64.ActiveCfg = Release|Any CPU
		{E9A4A651-6D60-4B4F-979B-42AB0941452B}.Release|ARM64.Build.0 = Release|Any CPU
		{E9A4A651-6D60-4B4F-979B-42AB0941452B}.Release|x64.ActiveCfg = Release|Any CPU
		{E9A4A651-6D60-4B4F-979B-42AB0941452B}.Release|x64.Build.0 = Release|Any CPU
		{E9A4A651-6D60-4B4F-979B-42AB0941452B}.Release|x86.ActiveCfg = Release|Any CPU
		{E9A4A651-6D60-4B4F-979B-42AB0941452B}.Release|x86.Build.0 = Release|Any CPU
		{EE285C41-A6E1-4354-A9D8-71C15447499B}.Debug|Any CPU.ActiveCfg = Debug|Any CPU
		{EE285C41-A6E1-4354-A9D8-71C15447499B}.Debug|Any CPU.Build.0 = Debug|Any CPU
		{EE285C41-A6E1-4354-A9D8-71C15447499B}.Debug|ARM.ActiveCfg = Debug|Any CPU
		{EE285C41-A6E1-4354-A9D8-71C15447499B}.Debug|ARM.Build.0 = Debug|Any CPU
		{EE285C41-A6E1-4354-A9D8-71C15447499B}.Debug|ARM64.ActiveCfg = Debug|Any CPU
		{EE285C41-A6E1-4354-A9D8-71C15447499B}.Debug|ARM64.Build.0 = Debug|Any CPU
		{EE285C41-A6E1-4354-A9D8-71C15447499B}.Debug|x64.ActiveCfg = Debug|Any CPU
		{EE285C41-A6E1-4354-A9D8-71C15447499B}.Debug|x86.ActiveCfg = Debug|Any CPU
		{EE285C41-A6E1-4354-A9D8-71C15447499B}.Release|Any CPU.ActiveCfg = Release|Any CPU
		{EE285C41-A6E1-4354-A9D8-71C15447499B}.Release|Any CPU.Build.0 = Release|Any CPU
		{EE285C41-A6E1-4354-A9D8-71C15447499B}.Release|ARM.ActiveCfg = Release|Any CPU
		{EE285C41-A6E1-4354-A9D8-71C15447499B}.Release|ARM.Build.0 = Release|Any CPU
		{EE285C41-A6E1-4354-A9D8-71C15447499B}.Release|ARM64.ActiveCfg = Release|Any CPU
		{EE285C41-A6E1-4354-A9D8-71C15447499B}.Release|ARM64.Build.0 = Release|Any CPU
		{EE285C41-A6E1-4354-A9D8-71C15447499B}.Release|x64.ActiveCfg = Release|Any CPU
		{EE285C41-A6E1-4354-A9D8-71C15447499B}.Release|x86.ActiveCfg = Release|Any CPU
		{6AAD37DC-C298-43E8-A744-56D031AD8456}.Debug|Any CPU.ActiveCfg = Debug|Any CPU
		{6AAD37DC-C298-43E8-A744-56D031AD8456}.Debug|Any CPU.Build.0 = Debug|Any CPU
		{6AAD37DC-C298-43E8-A744-56D031AD8456}.Debug|ARM.ActiveCfg = Debug|Any CPU
		{6AAD37DC-C298-43E8-A744-56D031AD8456}.Debug|ARM.Build.0 = Debug|Any CPU
		{6AAD37DC-C298-43E8-A744-56D031AD8456}.Debug|ARM64.ActiveCfg = Debug|Any CPU
		{6AAD37DC-C298-43E8-A744-56D031AD8456}.Debug|ARM64.Build.0 = Debug|Any CPU
		{6AAD37DC-C298-43E8-A744-56D031AD8456}.Debug|x64.ActiveCfg = Debug|Any CPU
		{6AAD37DC-C298-43E8-A744-56D031AD8456}.Debug|x64.Build.0 = Debug|Any CPU
		{6AAD37DC-C298-43E8-A744-56D031AD8456}.Debug|x86.ActiveCfg = Debug|Any CPU
		{6AAD37DC-C298-43E8-A744-56D031AD8456}.Debug|x86.Build.0 = Debug|Any CPU
		{6AAD37DC-C298-43E8-A744-56D031AD8456}.Release|Any CPU.ActiveCfg = Release|Any CPU
		{6AAD37DC-C298-43E8-A744-56D031AD8456}.Release|Any CPU.Build.0 = Release|Any CPU
		{6AAD37DC-C298-43E8-A744-56D031AD8456}.Release|ARM.ActiveCfg = Release|Any CPU
		{6AAD37DC-C298-43E8-A744-56D031AD8456}.Release|ARM.Build.0 = Release|Any CPU
		{6AAD37DC-C298-43E8-A744-56D031AD8456}.Release|ARM64.ActiveCfg = Release|Any CPU
		{6AAD37DC-C298-43E8-A744-56D031AD8456}.Release|ARM64.Build.0 = Release|Any CPU
		{6AAD37DC-C298-43E8-A744-56D031AD8456}.Release|x64.ActiveCfg = Release|Any CPU
		{6AAD37DC-C298-43E8-A744-56D031AD8456}.Release|x64.Build.0 = Release|Any CPU
		{6AAD37DC-C298-43E8-A744-56D031AD8456}.Release|x86.ActiveCfg = Release|Any CPU
		{6AAD37DC-C298-43E8-A744-56D031AD8456}.Release|x86.Build.0 = Release|Any CPU
		{C318B607-9242-4987-8AD9-5160ED58F949}.Debug|Any CPU.ActiveCfg = Debug|Any CPU
		{C318B607-9242-4987-8AD9-5160ED58F949}.Debug|Any CPU.Build.0 = Debug|Any CPU
		{C318B607-9242-4987-8AD9-5160ED58F949}.Debug|ARM.ActiveCfg = Debug|Any CPU
		{C318B607-9242-4987-8AD9-5160ED58F949}.Debug|ARM.Build.0 = Debug|Any CPU
		{C318B607-9242-4987-8AD9-5160ED58F949}.Debug|ARM64.ActiveCfg = Debug|Any CPU
		{C318B607-9242-4987-8AD9-5160ED58F949}.Debug|ARM64.Build.0 = Debug|Any CPU
		{C318B607-9242-4987-8AD9-5160ED58F949}.Debug|x64.ActiveCfg = Debug|Any CPU
		{C318B607-9242-4987-8AD9-5160ED58F949}.Debug|x64.Build.0 = Debug|Any CPU
		{C318B607-9242-4987-8AD9-5160ED58F949}.Debug|x86.ActiveCfg = Debug|Any CPU
		{C318B607-9242-4987-8AD9-5160ED58F949}.Debug|x86.Build.0 = Debug|Any CPU
		{C318B607-9242-4987-8AD9-5160ED58F949}.Release|Any CPU.ActiveCfg = Release|Any CPU
		{C318B607-9242-4987-8AD9-5160ED58F949}.Release|Any CPU.Build.0 = Release|Any CPU
		{C318B607-9242-4987-8AD9-5160ED58F949}.Release|ARM.ActiveCfg = Release|Any CPU
		{C318B607-9242-4987-8AD9-5160ED58F949}.Release|ARM.Build.0 = Release|Any CPU
		{C318B607-9242-4987-8AD9-5160ED58F949}.Release|ARM64.ActiveCfg = Release|Any CPU
		{C318B607-9242-4987-8AD9-5160ED58F949}.Release|ARM64.Build.0 = Release|Any CPU
		{C318B607-9242-4987-8AD9-5160ED58F949}.Release|x64.ActiveCfg = Release|Any CPU
		{C318B607-9242-4987-8AD9-5160ED58F949}.Release|x64.Build.0 = Release|Any CPU
		{C318B607-9242-4987-8AD9-5160ED58F949}.Release|x86.ActiveCfg = Release|Any CPU
		{C318B607-9242-4987-8AD9-5160ED58F949}.Release|x86.Build.0 = Release|Any CPU
		{0F77F755-F731-40B1-BF69-4AB65A6EBA40}.Debug|Any CPU.ActiveCfg = Debug|x64
		{0F77F755-F731-40B1-BF69-4AB65A6EBA40}.Debug|Any CPU.Build.0 = Debug|x64
		{0F77F755-F731-40B1-BF69-4AB65A6EBA40}.Debug|ARM.ActiveCfg = Debug|Win32
		{0F77F755-F731-40B1-BF69-4AB65A6EBA40}.Debug|ARM64.ActiveCfg = Debug|Win32
		{0F77F755-F731-40B1-BF69-4AB65A6EBA40}.Debug|x64.ActiveCfg = Debug|x64
		{0F77F755-F731-40B1-BF69-4AB65A6EBA40}.Debug|x86.ActiveCfg = Debug|Win32
		{0F77F755-F731-40B1-BF69-4AB65A6EBA40}.Debug|x86.Build.0 = Debug|Win32
		{0F77F755-F731-40B1-BF69-4AB65A6EBA40}.Release|Any CPU.ActiveCfg = Release|x64
		{0F77F755-F731-40B1-BF69-4AB65A6EBA40}.Release|Any CPU.Build.0 = Release|x64
		{0F77F755-F731-40B1-BF69-4AB65A6EBA40}.Release|ARM.ActiveCfg = Release|Win32
		{0F77F755-F731-40B1-BF69-4AB65A6EBA40}.Release|ARM64.ActiveCfg = Release|Win32
		{0F77F755-F731-40B1-BF69-4AB65A6EBA40}.Release|x64.ActiveCfg = Release|x64
		{0F77F755-F731-40B1-BF69-4AB65A6EBA40}.Release|x64.Build.0 = Release|x64
		{0F77F755-F731-40B1-BF69-4AB65A6EBA40}.Release|x86.ActiveCfg = Release|Win32
		{0F77F755-F731-40B1-BF69-4AB65A6EBA40}.Release|x86.Build.0 = Release|Win32
		{7939C78D-B4CC-4817-B9C5-2B5D599E0892}.Debug|Any CPU.ActiveCfg = Debug|Any CPU
		{7939C78D-B4CC-4817-B9C5-2B5D599E0892}.Debug|Any CPU.Build.0 = Debug|Any CPU
		{7939C78D-B4CC-4817-B9C5-2B5D599E0892}.Debug|ARM.ActiveCfg = Debug|Any CPU
		{7939C78D-B4CC-4817-B9C5-2B5D599E0892}.Debug|ARM.Build.0 = Debug|Any CPU
		{7939C78D-B4CC-4817-B9C5-2B5D599E0892}.Debug|ARM64.ActiveCfg = Debug|Any CPU
		{7939C78D-B4CC-4817-B9C5-2B5D599E0892}.Debug|ARM64.Build.0 = Debug|Any CPU
		{7939C78D-B4CC-4817-B9C5-2B5D599E0892}.Debug|x64.ActiveCfg = Debug|Any CPU
		{7939C78D-B4CC-4817-B9C5-2B5D599E0892}.Debug|x64.Build.0 = Debug|Any CPU
		{7939C78D-B4CC-4817-B9C5-2B5D599E0892}.Debug|x86.ActiveCfg = Debug|Any CPU
		{7939C78D-B4CC-4817-B9C5-2B5D599E0892}.Debug|x86.Build.0 = Debug|Any CPU
		{7939C78D-B4CC-4817-B9C5-2B5D599E0892}.Release|Any CPU.ActiveCfg = Release|Any CPU
		{7939C78D-B4CC-4817-B9C5-2B5D599E0892}.Release|Any CPU.Build.0 = Release|Any CPU
		{7939C78D-B4CC-4817-B9C5-2B5D599E0892}.Release|ARM.ActiveCfg = Release|Any CPU
		{7939C78D-B4CC-4817-B9C5-2B5D599E0892}.Release|ARM.Build.0 = Release|Any CPU
		{7939C78D-B4CC-4817-B9C5-2B5D599E0892}.Release|ARM64.ActiveCfg = Release|Any CPU
		{7939C78D-B4CC-4817-B9C5-2B5D599E0892}.Release|ARM64.Build.0 = Release|Any CPU
		{7939C78D-B4CC-4817-B9C5-2B5D599E0892}.Release|x64.ActiveCfg = Release|Any CPU
		{7939C78D-B4CC-4817-B9C5-2B5D599E0892}.Release|x64.Build.0 = Release|Any CPU
		{7939C78D-B4CC-4817-B9C5-2B5D599E0892}.Release|x86.ActiveCfg = Release|Any CPU
		{7939C78D-B4CC-4817-B9C5-2B5D599E0892}.Release|x86.Build.0 = Release|Any CPU
		{0310C90B-18EA-4F5B-AD56-3D97FAF14C14}.Debug|Any CPU.ActiveCfg = Debug|Any CPU
		{0310C90B-18EA-4F5B-AD56-3D97FAF14C14}.Debug|Any CPU.Build.0 = Debug|Any CPU
		{0310C90B-18EA-4F5B-AD56-3D97FAF14C14}.Debug|ARM.ActiveCfg = Debug|Any CPU
		{0310C90B-18EA-4F5B-AD56-3D97FAF14C14}.Debug|ARM.Build.0 = Debug|Any CPU
		{0310C90B-18EA-4F5B-AD56-3D97FAF14C14}.Debug|ARM64.ActiveCfg = Debug|Any CPU
		{0310C90B-18EA-4F5B-AD56-3D97FAF14C14}.Debug|ARM64.Build.0 = Debug|Any CPU
		{0310C90B-18EA-4F5B-AD56-3D97FAF14C14}.Debug|x64.ActiveCfg = Debug|Any CPU
		{0310C90B-18EA-4F5B-AD56-3D97FAF14C14}.Debug|x64.Build.0 = Debug|Any CPU
		{0310C90B-18EA-4F5B-AD56-3D97FAF14C14}.Debug|x86.ActiveCfg = Debug|Any CPU
		{0310C90B-18EA-4F5B-AD56-3D97FAF14C14}.Debug|x86.Build.0 = Debug|Any CPU
		{0310C90B-18EA-4F5B-AD56-3D97FAF14C14}.Release|Any CPU.ActiveCfg = Release|Any CPU
		{0310C90B-18EA-4F5B-AD56-3D97FAF14C14}.Release|Any CPU.Build.0 = Release|Any CPU
		{0310C90B-18EA-4F5B-AD56-3D97FAF14C14}.Release|ARM.ActiveCfg = Release|Any CPU
		{0310C90B-18EA-4F5B-AD56-3D97FAF14C14}.Release|ARM.Build.0 = Release|Any CPU
		{0310C90B-18EA-4F5B-AD56-3D97FAF14C14}.Release|ARM64.ActiveCfg = Release|Any CPU
		{0310C90B-18EA-4F5B-AD56-3D97FAF14C14}.Release|ARM64.Build.0 = Release|Any CPU
		{0310C90B-18EA-4F5B-AD56-3D97FAF14C14}.Release|x64.ActiveCfg = Release|Any CPU
		{0310C90B-18EA-4F5B-AD56-3D97FAF14C14}.Release|x64.Build.0 = Release|Any CPU
		{0310C90B-18EA-4F5B-AD56-3D97FAF14C14}.Release|x86.ActiveCfg = Release|Any CPU
		{0310C90B-18EA-4F5B-AD56-3D97FAF14C14}.Release|x86.Build.0 = Release|Any CPU
		{BDD58547-62FC-4951-B8A8-17A4A23ABDEE}.Debug|Any CPU.ActiveCfg = Debug|x64
		{BDD58547-62FC-4951-B8A8-17A4A23ABDEE}.Debug|Any CPU.Build.0 = Debug|x64
		{BDD58547-62FC-4951-B8A8-17A4A23ABDEE}.Debug|ARM.ActiveCfg = Debug|Win32
		{BDD58547-62FC-4951-B8A8-17A4A23ABDEE}.Debug|ARM64.ActiveCfg = Debug|Win32
		{BDD58547-62FC-4951-B8A8-17A4A23ABDEE}.Debug|x64.ActiveCfg = Debug|x64
		{BDD58547-62FC-4951-B8A8-17A4A23ABDEE}.Debug|x64.Build.0 = Debug|x64
		{BDD58547-62FC-4951-B8A8-17A4A23ABDEE}.Debug|x86.ActiveCfg = Debug|Win32
		{BDD58547-62FC-4951-B8A8-17A4A23ABDEE}.Debug|x86.Build.0 = Debug|Win32
		{BDD58547-62FC-4951-B8A8-17A4A23ABDEE}.Release|Any CPU.ActiveCfg = Release|x64
		{BDD58547-62FC-4951-B8A8-17A4A23ABDEE}.Release|Any CPU.Build.0 = Release|x64
		{BDD58547-62FC-4951-B8A8-17A4A23ABDEE}.Release|ARM.ActiveCfg = Release|Win32
		{BDD58547-62FC-4951-B8A8-17A4A23ABDEE}.Release|ARM64.ActiveCfg = Release|Win32
		{BDD58547-62FC-4951-B8A8-17A4A23ABDEE}.Release|x64.ActiveCfg = Release|x64
		{BDD58547-62FC-4951-B8A8-17A4A23ABDEE}.Release|x64.Build.0 = Release|x64
		{BDD58547-62FC-4951-B8A8-17A4A23ABDEE}.Release|x86.ActiveCfg = Release|Win32
		{BDD58547-62FC-4951-B8A8-17A4A23ABDEE}.Release|x86.Build.0 = Release|Win32
		{13E38746-2CE2-4DA2-8324-EE27257A0B60}.Debug|Any CPU.ActiveCfg = Debug|x64
		{13E38746-2CE2-4DA2-8324-EE27257A0B60}.Debug|Any CPU.Build.0 = Debug|x64
		{13E38746-2CE2-4DA2-8324-EE27257A0B60}.Debug|ARM.ActiveCfg = Debug|Win32
		{13E38746-2CE2-4DA2-8324-EE27257A0B60}.Debug|ARM64.ActiveCfg = Debug|Win32
		{13E38746-2CE2-4DA2-8324-EE27257A0B60}.Debug|x64.ActiveCfg = Debug|x64
		{13E38746-2CE2-4DA2-8324-EE27257A0B60}.Debug|x64.Build.0 = Debug|x64
		{13E38746-2CE2-4DA2-8324-EE27257A0B60}.Debug|x86.ActiveCfg = Debug|Win32
		{13E38746-2CE2-4DA2-8324-EE27257A0B60}.Debug|x86.Build.0 = Debug|Win32
		{13E38746-2CE2-4DA2-8324-EE27257A0B60}.Release|Any CPU.ActiveCfg = Release|x64
		{13E38746-2CE2-4DA2-8324-EE27257A0B60}.Release|Any CPU.Build.0 = Release|x64
		{13E38746-2CE2-4DA2-8324-EE27257A0B60}.Release|ARM.ActiveCfg = Release|Win32
		{13E38746-2CE2-4DA2-8324-EE27257A0B60}.Release|ARM64.ActiveCfg = Release|Win32
		{13E38746-2CE2-4DA2-8324-EE27257A0B60}.Release|x64.ActiveCfg = Release|x64
		{13E38746-2CE2-4DA2-8324-EE27257A0B60}.Release|x64.Build.0 = Release|x64
		{13E38746-2CE2-4DA2-8324-EE27257A0B60}.Release|x86.ActiveCfg = Release|Win32
		{13E38746-2CE2-4DA2-8324-EE27257A0B60}.Release|x86.Build.0 = Release|Win32
		{3211AA40-3ABE-4FE3-B5D8-DCE4E9A1E122}.Debug|Any CPU.ActiveCfg = Debug|Any CPU
		{3211AA40-3ABE-4FE3-B5D8-DCE4E9A1E122}.Debug|Any CPU.Build.0 = Debug|Any CPU
		{3211AA40-3ABE-4FE3-B5D8-DCE4E9A1E122}.Debug|ARM.ActiveCfg = Debug|Any CPU
		{3211AA40-3ABE-4FE3-B5D8-DCE4E9A1E122}.Debug|ARM.Build.0 = Debug|Any CPU
		{3211AA40-3ABE-4FE3-B5D8-DCE4E9A1E122}.Debug|ARM64.ActiveCfg = Debug|Any CPU
		{3211AA40-3ABE-4FE3-B5D8-DCE4E9A1E122}.Debug|ARM64.Build.0 = Debug|Any CPU
		{3211AA40-3ABE-4FE3-B5D8-DCE4E9A1E122}.Debug|x64.ActiveCfg = Debug|Any CPU
		{3211AA40-3ABE-4FE3-B5D8-DCE4E9A1E122}.Debug|x64.Build.0 = Debug|Any CPU
		{3211AA40-3ABE-4FE3-B5D8-DCE4E9A1E122}.Debug|x86.ActiveCfg = Debug|Any CPU
		{3211AA40-3ABE-4FE3-B5D8-DCE4E9A1E122}.Debug|x86.Build.0 = Debug|Any CPU
		{3211AA40-3ABE-4FE3-B5D8-DCE4E9A1E122}.Release|Any CPU.ActiveCfg = Release|Any CPU
		{3211AA40-3ABE-4FE3-B5D8-DCE4E9A1E122}.Release|Any CPU.Build.0 = Release|Any CPU
		{3211AA40-3ABE-4FE3-B5D8-DCE4E9A1E122}.Release|ARM.ActiveCfg = Release|Any CPU
		{3211AA40-3ABE-4FE3-B5D8-DCE4E9A1E122}.Release|ARM.Build.0 = Release|Any CPU
		{3211AA40-3ABE-4FE3-B5D8-DCE4E9A1E122}.Release|ARM64.ActiveCfg = Release|Any CPU
		{3211AA40-3ABE-4FE3-B5D8-DCE4E9A1E122}.Release|ARM64.Build.0 = Release|Any CPU
		{3211AA40-3ABE-4FE3-B5D8-DCE4E9A1E122}.Release|x64.ActiveCfg = Release|Any CPU
		{3211AA40-3ABE-4FE3-B5D8-DCE4E9A1E122}.Release|x64.Build.0 = Release|Any CPU
		{3211AA40-3ABE-4FE3-B5D8-DCE4E9A1E122}.Release|x86.ActiveCfg = Release|Any CPU
		{3211AA40-3ABE-4FE3-B5D8-DCE4E9A1E122}.Release|x86.Build.0 = Release|Any CPU
		{841F4BC1-ADB2-4E0A-88E5-1EFC4F5B2B3D}.Debug|Any CPU.ActiveCfg = Debug|Win32
		{841F4BC1-ADB2-4E0A-88E5-1EFC4F5B2B3D}.Debug|ARM.ActiveCfg = Debug|Win32
		{841F4BC1-ADB2-4E0A-88E5-1EFC4F5B2B3D}.Debug|ARM64.ActiveCfg = Debug|Win32
		{841F4BC1-ADB2-4E0A-88E5-1EFC4F5B2B3D}.Debug|x64.ActiveCfg = Debug|x64
		{841F4BC1-ADB2-4E0A-88E5-1EFC4F5B2B3D}.Debug|x64.Build.0 = Debug|x64
		{841F4BC1-ADB2-4E0A-88E5-1EFC4F5B2B3D}.Debug|x86.ActiveCfg = Debug|Win32
		{841F4BC1-ADB2-4E0A-88E5-1EFC4F5B2B3D}.Debug|x86.Build.0 = Debug|Win32
		{841F4BC1-ADB2-4E0A-88E5-1EFC4F5B2B3D}.Release|Any CPU.ActiveCfg = Release|Win32
		{841F4BC1-ADB2-4E0A-88E5-1EFC4F5B2B3D}.Release|ARM.ActiveCfg = Release|Win32
		{841F4BC1-ADB2-4E0A-88E5-1EFC4F5B2B3D}.Release|ARM64.ActiveCfg = Release|Win32
		{841F4BC1-ADB2-4E0A-88E5-1EFC4F5B2B3D}.Release|x64.ActiveCfg = Release|x64
		{841F4BC1-ADB2-4E0A-88E5-1EFC4F5B2B3D}.Release|x64.Build.0 = Release|x64
		{841F4BC1-ADB2-4E0A-88E5-1EFC4F5B2B3D}.Release|x86.ActiveCfg = Release|Win32
		{841F4BC1-ADB2-4E0A-88E5-1EFC4F5B2B3D}.Release|x86.Build.0 = Release|Win32
		{BAE05887-3FE6-4570-BCFD-5E122ACFF4B7}.Debug|Any CPU.ActiveCfg = Debug|Any CPU
		{BAE05887-3FE6-4570-BCFD-5E122ACFF4B7}.Debug|Any CPU.Build.0 = Debug|Any CPU
		{BAE05887-3FE6-4570-BCFD-5E122ACFF4B7}.Debug|ARM.ActiveCfg = Debug|Any CPU
		{BAE05887-3FE6-4570-BCFD-5E122ACFF4B7}.Debug|ARM64.ActiveCfg = Debug|Any CPU
		{BAE05887-3FE6-4570-BCFD-5E122ACFF4B7}.Debug|x64.ActiveCfg = Debug|Any CPU
		{BAE05887-3FE6-4570-BCFD-5E122ACFF4B7}.Debug|x64.Build.0 = Debug|Any CPU
		{BAE05887-3FE6-4570-BCFD-5E122ACFF4B7}.Debug|x86.ActiveCfg = Debug|Any CPU
		{BAE05887-3FE6-4570-BCFD-5E122ACFF4B7}.Debug|x86.Build.0 = Debug|Any CPU
		{BAE05887-3FE6-4570-BCFD-5E122ACFF4B7}.Release|Any CPU.ActiveCfg = Release|Any CPU
		{BAE05887-3FE6-4570-BCFD-5E122ACFF4B7}.Release|Any CPU.Build.0 = Release|Any CPU
		{BAE05887-3FE6-4570-BCFD-5E122ACFF4B7}.Release|ARM.ActiveCfg = Release|Any CPU
		{BAE05887-3FE6-4570-BCFD-5E122ACFF4B7}.Release|ARM64.ActiveCfg = Release|Any CPU
		{BAE05887-3FE6-4570-BCFD-5E122ACFF4B7}.Release|x64.ActiveCfg = Release|Any CPU
		{BAE05887-3FE6-4570-BCFD-5E122ACFF4B7}.Release|x64.Build.0 = Release|Any CPU
		{BAE05887-3FE6-4570-BCFD-5E122ACFF4B7}.Release|x86.ActiveCfg = Release|Any CPU
		{BAE05887-3FE6-4570-BCFD-5E122ACFF4B7}.Release|x86.Build.0 = Release|Any CPU
		{B5C40958-41BF-4676-AD8D-FEAA5C9D40D8}.Debug|Any CPU.ActiveCfg = Debug|Win32
		{B5C40958-41BF-4676-AD8D-FEAA5C9D40D8}.Debug|ARM.ActiveCfg = Debug|Win32
		{B5C40958-41BF-4676-AD8D-FEAA5C9D40D8}.Debug|ARM64.ActiveCfg = Debug|Win32
		{B5C40958-41BF-4676-AD8D-FEAA5C9D40D8}.Debug|x64.ActiveCfg = Debug|x64
		{B5C40958-41BF-4676-AD8D-FEAA5C9D40D8}.Debug|x64.Build.0 = Debug|x64
		{B5C40958-41BF-4676-AD8D-FEAA5C9D40D8}.Debug|x86.ActiveCfg = Debug|Win32
		{B5C40958-41BF-4676-AD8D-FEAA5C9D40D8}.Debug|x86.Build.0 = Debug|Win32
		{B5C40958-41BF-4676-AD8D-FEAA5C9D40D8}.Release|Any CPU.ActiveCfg = Release|Win32
		{B5C40958-41BF-4676-AD8D-FEAA5C9D40D8}.Release|ARM.ActiveCfg = Release|Win32
		{B5C40958-41BF-4676-AD8D-FEAA5C9D40D8}.Release|ARM64.ActiveCfg = Release|Win32
		{B5C40958-41BF-4676-AD8D-FEAA5C9D40D8}.Release|x64.ActiveCfg = Release|x64
		{B5C40958-41BF-4676-AD8D-FEAA5C9D40D8}.Release|x64.Build.0 = Release|x64
		{B5C40958-41BF-4676-AD8D-FEAA5C9D40D8}.Release|x86.ActiveCfg = Release|Win32
		{B5C40958-41BF-4676-AD8D-FEAA5C9D40D8}.Release|x86.Build.0 = Release|Win32
		{5BF0F38B-50B5-4C20-82FF-FA0392C3905A}.Debug|Any CPU.ActiveCfg = Debug|Win32
		{5BF0F38B-50B5-4C20-82FF-FA0392C3905A}.Debug|ARM.ActiveCfg = Debug|ARM
		{5BF0F38B-50B5-4C20-82FF-FA0392C3905A}.Debug|ARM.Build.0 = Debug|ARM
		{5BF0F38B-50B5-4C20-82FF-FA0392C3905A}.Debug|ARM.Deploy.0 = Debug|ARM
		{5BF0F38B-50B5-4C20-82FF-FA0392C3905A}.Debug|ARM64.ActiveCfg = Debug|ARM64
		{5BF0F38B-50B5-4C20-82FF-FA0392C3905A}.Debug|ARM64.Build.0 = Debug|ARM64
		{5BF0F38B-50B5-4C20-82FF-FA0392C3905A}.Debug|ARM64.Deploy.0 = Debug|ARM64
		{5BF0F38B-50B5-4C20-82FF-FA0392C3905A}.Debug|x64.ActiveCfg = Debug|x64
		{5BF0F38B-50B5-4C20-82FF-FA0392C3905A}.Debug|x64.Build.0 = Debug|x64
		{5BF0F38B-50B5-4C20-82FF-FA0392C3905A}.Debug|x64.Deploy.0 = Debug|x64
		{5BF0F38B-50B5-4C20-82FF-FA0392C3905A}.Debug|x86.ActiveCfg = Debug|Win32
		{5BF0F38B-50B5-4C20-82FF-FA0392C3905A}.Debug|x86.Build.0 = Debug|Win32
		{5BF0F38B-50B5-4C20-82FF-FA0392C3905A}.Debug|x86.Deploy.0 = Debug|Win32
		{5BF0F38B-50B5-4C20-82FF-FA0392C3905A}.Release|Any CPU.ActiveCfg = Release|Win32
		{5BF0F38B-50B5-4C20-82FF-FA0392C3905A}.Release|ARM.ActiveCfg = Release|ARM
		{5BF0F38B-50B5-4C20-82FF-FA0392C3905A}.Release|ARM.Build.0 = Release|ARM
		{5BF0F38B-50B5-4C20-82FF-FA0392C3905A}.Release|ARM.Deploy.0 = Release|ARM
		{5BF0F38B-50B5-4C20-82FF-FA0392C3905A}.Release|ARM64.ActiveCfg = Release|ARM64
		{5BF0F38B-50B5-4C20-82FF-FA0392C3905A}.Release|ARM64.Build.0 = Release|ARM64
		{5BF0F38B-50B5-4C20-82FF-FA0392C3905A}.Release|ARM64.Deploy.0 = Release|ARM64
		{5BF0F38B-50B5-4C20-82FF-FA0392C3905A}.Release|x64.ActiveCfg = Release|x64
		{5BF0F38B-50B5-4C20-82FF-FA0392C3905A}.Release|x64.Build.0 = Release|x64
		{5BF0F38B-50B5-4C20-82FF-FA0392C3905A}.Release|x64.Deploy.0 = Release|x64
		{5BF0F38B-50B5-4C20-82FF-FA0392C3905A}.Release|x86.ActiveCfg = Release|Win32
		{5BF0F38B-50B5-4C20-82FF-FA0392C3905A}.Release|x86.Build.0 = Release|Win32
		{5BF0F38B-50B5-4C20-82FF-FA0392C3905A}.Release|x86.Deploy.0 = Release|Win32
		{32CF04BD-8388-4B06-A8A2-3EE165AE0EFF}.Debug|Any CPU.ActiveCfg = Debug|Win32
		{32CF04BD-8388-4B06-A8A2-3EE165AE0EFF}.Debug|ARM.ActiveCfg = Debug|Win32
		{32CF04BD-8388-4B06-A8A2-3EE165AE0EFF}.Debug|ARM64.ActiveCfg = Debug|Win32
		{32CF04BD-8388-4B06-A8A2-3EE165AE0EFF}.Debug|x64.ActiveCfg = Debug|x64
		{32CF04BD-8388-4B06-A8A2-3EE165AE0EFF}.Debug|x64.Build.0 = Debug|x64
		{32CF04BD-8388-4B06-A8A2-3EE165AE0EFF}.Debug|x86.ActiveCfg = Debug|Win32
		{32CF04BD-8388-4B06-A8A2-3EE165AE0EFF}.Debug|x86.Build.0 = Debug|Win32
		{32CF04BD-8388-4B06-A8A2-3EE165AE0EFF}.Release|Any CPU.ActiveCfg = Release|Win32
		{32CF04BD-8388-4B06-A8A2-3EE165AE0EFF}.Release|ARM.ActiveCfg = Release|Win32
		{32CF04BD-8388-4B06-A8A2-3EE165AE0EFF}.Release|ARM64.ActiveCfg = Release|Win32
		{32CF04BD-8388-4B06-A8A2-3EE165AE0EFF}.Release|x64.ActiveCfg = Release|x64
		{32CF04BD-8388-4B06-A8A2-3EE165AE0EFF}.Release|x64.Build.0 = Release|x64
		{32CF04BD-8388-4B06-A8A2-3EE165AE0EFF}.Release|x86.ActiveCfg = Release|Win32
		{32CF04BD-8388-4B06-A8A2-3EE165AE0EFF}.Release|x86.Build.0 = Release|Win32
	EndGlobalSection
	GlobalSection(SolutionProperties) = preSolution
		HideSolutionNode = FALSE
	EndGlobalSection
	GlobalSection(NestedProjects) = preSolution
		{C6B60070-49A9-4DDD-8E6A-1CE9456F23DD} = {FE1445B6-1433-48F2-AC06-8C944339F31E}
		{E9A4A651-6D60-4B4F-979B-42AB0941452B} = {B197F06D-0BAD-4420-92B0-0F16EF91FC00}
		{EE285C41-A6E1-4354-A9D8-71C15447499B} = {B197F06D-0BAD-4420-92B0-0F16EF91FC00}
		{6AAD37DC-C298-43E8-A744-56D031AD8456} = {F1AD4A0B-6F71-4967-A505-DFE1AD095A91}
		{C318B607-9242-4987-8AD9-5160ED58F949} = {F1AD4A0B-6F71-4967-A505-DFE1AD095A91}
		{0F77F755-F731-40B1-BF69-4AB65A6EBA40} = {49D03876-DFD4-4053-A819-547979830644}
		{7939C78D-B4CC-4817-B9C5-2B5D599E0892} = {E7D08B3C-1E05-4DB6-AFA8-FC68022566E2}
		{0310C90B-18EA-4F5B-AD56-3D97FAF14C14} = {F1AD4A0B-6F71-4967-A505-DFE1AD095A91}
		{BDD58547-62FC-4951-B8A8-17A4A23ABDEE} = {F1AD4A0B-6F71-4967-A505-DFE1AD095A91}
		{13E38746-2CE2-4DA2-8324-EE27257A0B60} = {672525B0-AC8E-431B-88AD-CB6810C7A771}
		{672525B0-AC8E-431B-88AD-CB6810C7A771} = {E7D08B3C-1E05-4DB6-AFA8-FC68022566E2}
		{B53BBE6A-929E-49D6-ABE8-845E9A4E77CE} = {672525B0-AC8E-431B-88AD-CB6810C7A771}
		{3211AA40-3ABE-4FE3-B5D8-DCE4E9A1E122} = {E7D08B3C-1E05-4DB6-AFA8-FC68022566E2}
		{841F4BC1-ADB2-4E0A-88E5-1EFC4F5B2B3D} = {B53BBE6A-929E-49D6-ABE8-845E9A4E77CE}
		{BAE05887-3FE6-4570-BCFD-5E122ACFF4B7} = {F74AE196-A97B-4BDA-8A0F-C9637FE48232}
		{F74AE196-A97B-4BDA-8A0F-C9637FE48232} = {E7D08B3C-1E05-4DB6-AFA8-FC68022566E2}
		{B5C40958-41BF-4676-AD8D-FEAA5C9D40D8} = {672525B0-AC8E-431B-88AD-CB6810C7A771}
		{5BF0F38B-50B5-4C20-82FF-FA0392C3905A} = {49D03876-DFD4-4053-A819-547979830644}
		{32CF04BD-8388-4B06-A8A2-3EE165AE0EFF} = {F1AD4A0B-6F71-4967-A505-DFE1AD095A91}
	EndGlobalSection
	GlobalSection(ExtensibilityGlobals) = postSolution
		SolutionGuid = {DBA471F4-8A1D-4B84-BD85-69C001771156}
	EndGlobalSection
EndGlobal
